
Microsoft Visual Studio Solution File, Format Version 12.00
Project("{FAE04EC0-301F-11D3-BF4B-00C04F79EFBC}") = "linq_test", "linq_test\linq_test.csproj", "{B164ACC6-4FAD-4E31-A2A9-866D03F1ED00}"
EndProject
Global
	GlobalSection(SolutionConfigurationPlatforms) = preSolution
		Debug|Any CPU = Debug|Any CPU
		Release|Any CPU = Release|Any CPU
	EndGlobalSection
	GlobalSection(ProjectConfigurationPlatforms) = postSolution
		{B164ACC6-4FAD-4E31-A2A9-866D03F1ED00}.Debug|Any CPU.ActiveCfg = Debug|Any CPU
		{B164ACC6-4FAD-4E31-A2A9-866D03F1ED00}.Debug|Any CPU.Build.0 = Debug|Any CPU
		{B164ACC6-4FAD-4E31-A2A9-866D03F1ED00}.Release|Any CPU.ActiveCfg = Release|Any CPU
		{B164ACC6-4FAD-4E31-A2A9-866D03F1ED00}.Release|Any CPU.Build.0 = Release|Any CPU
	EndGlobalSection
EndGlobal
